<?xml version="1.0" encoding="UTF-8" standalone="yes" ?>
<CodeBlocks_project_file>
	<FileVersion major="1" minor="6" />
	<Project>
		<Option title="YALP" />
		<Option pch_mode="2" />
		<Option compiler="gcc" />
		<Build>
			<Target title="Debug-Linux">
				<Option output="bin/Debug-Linux/YALP" prefix_auto="1" extension_auto="1" />
				<Option object_output="obj/Debug-Linux/" />
				<Option type="1" />
				<Option compiler="gcc" />
				<Compiler>
					<Add option="-g" />
				</Compiler>
				<ExtraCommands>
					<Add after="npm run build-ui" />
					<Add after="npm run build-results" />
				</ExtraCommands>
			</Target>
			<Target title="Release-Linux">
				<Option output="bin/Release-Linux/YALP" prefix_auto="1" extension_auto="1" />
				<Option object_output="obj/Release-Linux/" />
				<Option type="1" />
				<Option compiler="gcc" />
				<Compiler>
					<Add option="-O2" />
				</Compiler>
				<Linker>
					<Add option="-s" />
				</Linker>
				<ExtraCommands>
					<Add after="npm run build-ui" />
					<Add after="npm run build-results" />
				</ExtraCommands>
			</Target>
		</Build>
		<Compiler>
			<Add option="-Wall" />
		</Compiler>
		<Unit filename="README.md" />
		<Unit filename="TODO.txt" />
		<Unit filename="docs/dj-yalpnotes.txt" />
		<Unit filename="graphics/yalp-icon8.PNG" />
		<Unit filename="graphics/yalp-icon8.bmp" />
		<Unit filename="index.js" />
		<Unit filename="my-plugins/canvas/html.js" />
		<Unit filename="my-plugins/check-install.js" />
		<Unit filename="my-plugins/cmdline.js" />
		<Unit filename="my-plugins/colors/index.js" />
		<Unit filename="my-plugins/fault-mon.js" />
		<Unit filename="my-plugins/file-mon.js" />
		<Unit filename="my-plugins/hw/canvas.js" />
		<Unit filename="my-plugins/hw/console.js" />
		<Unit filename="my-plugins/hw/dslop.js" />
		<Unit filename="my-plugins/hw/pic32.cpp" />
		<Unit filename="my-plugins/hw/serial.js" />
		<Unit filename="my-plugins/media/my-player.js" />
		<Unit filename="my-plugins/my-extensions/enforce-strict.js" />
		<Unit filename="my-plugins/my-extensions/expand-macros-bk.js" />
		<Unit filename="my-plugins/my-extensions/expand-suffix-bk.js" />
		<Unit filename="my-plugins/my-extensions/index.js" />
		<Unit filename="my-plugins/my-extensions/line-numbers-bk.js" />
		<Unit filename="my-plugins/my-extensions/line-stamps.js" />
		<Unit filename="my-plugins/my-extensions/loader-logging.js" />
		<Unit filename="my-plugins/my-extensions/no-try.js" />
		<Unit filename="my-plugins/my-extensions/unhandled.js" />
		<Unit filename="my-plugins/my-extensions/win-control-c.js" />
		<Unit filename="my-plugins/package.json" />
		<Unit filename="my-plugins/routes/delete/user-bk.js" />
		<Unit filename="my-plugins/routes/get/01-hello-world-bk.js" />
		<Unit filename="my-plugins/routes/get/02-pad-bk.js" />
		<Unit filename="my-plugins/routes/get/98-quit.js" />
		<Unit filename="my-plugins/routes/get/99-any.js" />
		<Unit filename="my-plugins/routes/index.js" />
		<Unit filename="my-plugins/routes/post/hello-world-bk.js" />
		<Unit filename="my-plugins/routes/process/exit.js" />
		<Unit filename="my-plugins/routes/put/user-bk.js" />
		<Unit filename="my-plugins/routes/socket/repl.js" />
		<Unit filename="my-plugins/routes/use/00-cors.js" />
		<Unit filename="my-plugins/routes/use/98-404.js" />
		<Unit filename="my-plugins/streamers/my-player.js" />
		<Unit filename="my-plugins/streamers/outhw.js" />
		<Unit filename="my-plugins/streamers/seqdata-bk.js" />
		<Unit filename="my-plugins/utils/clock.js" />
		<Unit filename="my-plugins/utils/config.js" />
		<Unit filename="my-plugins/utils/credentials.js" />
		<Unit filename="my-plugins/utils/elapsed.js" />
		<Unit filename="my-plugins/utils/email.js" />
		<Unit filename="my-plugins/utils/ipc.js" />
		<Unit filename="my-plugins/utils/json-bool-fixup.js" />
		<Unit filename="my-plugins/utils/make-global.js" />
		<Unit filename="my-plugins/utils/mem-scale.js" />
		<Unit filename="my-plugins/utils/mp3len.js" />
		<Unit filename="my-plugins/utils/my-eventemitter2.js" />
		<Unit filename="my-plugins/utils/relpath.js" />
		<Unit filename="my-plugins/utils/shortname.js" />
		<Unit filename="my-plugins/utils/stack-trace.js" />
		<Unit filename="my-plugins/utils/time-scale.js" />
		<Unit filename="my-projects/models/ArchFan8+8.js" />
		<Unit filename="my-projects/models/chpool.js" />
		<Unit filename="my-projects/package.json" />
		<Unit filename="my-projects/playlists/even-test.js" />
		<Unit filename="my-projects/playlists/hween2015-a.js" />
		<Unit filename="my-projects/playlists/playlist.js" />
		<Unit filename="my-projects/playlists/xmas2015.js" />
		<Unit filename="my-projects/shared/cuelist.js" />
		<Unit filename="my-projects/shared/cues.js" />
		<Unit filename="my-projects/shared/mixins/duration.js" />
		<Unit filename="my-projects/shared/mixins/promise-keepers.js" />
		<Unit filename="my-projects/shared/mixins/speed.js" />
		<Unit filename="my-projects/shared/mixins/volume.js" />
		<Unit filename="my-projects/shared/playlist.js" />
		<Unit filename="my-projects/shared/sequence.js" />
		<Unit filename="my-projects/shared/vixen2.js" />
		<Unit filename="my-projects/songs/cuelist.js" />
		<Unit filename="my-projects/songs/misc/Emmanuel (Amy Grant)/ESOL2011a-Emmanuel (Amy Grant).cue" />
		<Unit filename="my-projects/songs/misc/Emmanuel (Amy Grant)/ESOL2012a-Emmanuel (Amy Grant).vix" />
		<Unit filename="my-projects/songs/misc/This Is Love (Beachpoint Kids)/Label Track.txt" />
		<Unit filename="my-projects/songs/misc/This Is Love (Beachpoint Kids)/This is Love (Beachpoint Kids).xml" />
		<Unit filename="my-projects/songs/misc/This Is Love (Beachpoint Kids)/This is Love-timing.txt" />
		<Unit filename="my-projects/songs/misc/This Is Love (Beachpoint Kids)/notes.txt" />
		<Unit filename="my-projects/songs/readme.txt" />
		<Unit filename="my-projects/songs/sequence.js" />
		<Unit filename="my-projects/songs/vixen2.js" />
		<Unit filename="my-projects/songs/xmas/Amazing Grace (Yule)/Amazing Grace.js" />
		<Unit filename="my-projects/songs/xmas/Amazing Grace (Yule)/ESOL2012a-Amazing Grace (Yule).vix" />
		<Unit filename="my-projects/songs/xmas/Christmas Capital C (Go Fish)/Capital C.js" />
		<Unit filename="my-projects/songs/xmas/Christmas Capital C (Go Fish)/Capital C.txt" />
		<Unit filename="my-projects/songs/xmas/Christmas Capital C (Go Fish)/ESOL2012a-Christmas With A Capital C (Remix, Go Fish).cue" />
		<Unit filename="my-projects/songs/xmas/Christmas Capital C (Go Fish)/ESOL2012a-Christmas With A Capital C (Remix, Go Fish).vix" />
		<Unit filename="my-projects/songs/xmas/What Can You Get a Wookie For Christmas (Yulenog)/djnotes.txt" />
		<Unit filename="my-projects/songs/xmas/What Can You Get a Wookie For Christmas (Yulenog)/lyrics.txt" />
		<Unit filename="my-projects/songs/xmas/What Can You Get a Wookie For Christmas (Yulenog)/tracks.timing" />
		<Unit filename="my-projects/songs/xmas/What Can You Get a Wookie For Christmas (Yulenog)/wookie.js" />
		<Unit filename="node-jig.js" />
		<Unit filename="package.json" />
		<Unit filename="public/css/yalp.css" />
		<Unit filename="public/favicon.ico" />
		<Unit filename="public/index.html" />
		<Unit filename="public/js/socket.io.js" />
		<Unit filename="public/js/uiloader-auto.js" />
		<Unit filename="public/js/uiloader.js" />
		<Unit filename="public/socket.html" />
		<Unit filename="scripts/imhere.js" />
		<Unit filename="scripts/install-bk.sh" />
		<Unit filename="scripts/mp3player.js" />
		<Unit filename="scripts/notilde.sh" />
		<Unit filename="scripts/symlinks.js" />
		<Unit filename="tests/email-bk.js" />
		<Unit filename="tests/email.js" />
		<Unit filename="tests/index.js" />
		<Unit filename="tests/ipc-cmd.js" />
		<Unit filename="tests/ipc-consumer.js" />
		<Unit filename="tests/ipc-iostats.js" />
		<Unit filename="tests/ipc-motion.js" />
		<Unit filename="tests/ipc-outhw.js" />
		<Unit filename="tests/ipc-playlist.js" />
		<Unit filename="tests/ipc-preview.js" />
		<Unit filename="tests/ipc-provider.js" />
		<Unit filename="tests/ipc-schedule.js" />
		<Unit filename="tests/ipc-trace.js" />
		<Unit filename="tests/mail.js" />
		<Unit filename="tests/pi-led.js" />
		<Unit filename="tests/playback.js" />
		<Unit filename="tests/playlist-test.js" />
		<Unit filename="tests/serial-port.js" />
		<Unit filename="tests/shell-repl-bk.js" />
		<Unit filename="tests/streams-main.js" />
		<Unit filename="tests/test-canvas.js" />
		<Unit filename="tests/vix2test.js" />
		<Extensions>
			<envvars />
			<code_completion />
			<lib_finder disable_auto="1" />
			<debugger />
		</Extensions>
	</Project>
</CodeBlocks_project_file>
